
Microsoft Visual Studio Solution File, Format Version 12.00
# Visual Studio 15
VisualStudioVersion = 15.0.27703.2000
MinimumVisualStudioVersion = 10.0.40219.1
Project("{9A19103F-16F7-4668-BE54-9A1E7A4F7556}") = "CMI.Automon.Interface", "CMI.Automon.Interface\CMI.Automon.Interface.csproj", "{9E199D7E-5D45-4B19-B866-3C858254616D}"
EndProject
Project("{9A19103F-16F7-4668-BE54-9A1E7A4F7556}") = "CMI.Nexus.Interface", "CMI.Nexus.Interface\CMI.Nexus.Interface.csproj", "{0F7C48B2-FB70-4308-981C-AB8F31ABA76F}"
EndProject
Project("{9A19103F-16F7-4668-BE54-9A1E7A4F7556}") = "CMI.Automon.Service", "CMI.Automon.Service\CMI.Automon.Service.csproj", "{97F17073-F071-437E-AB48-356428749E81}"
EndProject
Project("{9A19103F-16F7-4668-BE54-9A1E7A4F7556}") = "CMI.Nexus.Service", "CMI.Nexus.Service\CMI.Nexus.Service.csproj", "{B302518B-952D-4278-A013-4722EA582F89}"
EndProject
Project("{9A19103F-16F7-4668-BE54-9A1E7A4F7556}") = "CMI.Automon.Model", "CMI.Automon.Model\CMI.Automon.Model.csproj", "{0E8D169E-C015-4351-AC1E-2728797698E3}"
EndProject
Project("{9A19103F-16F7-4668-BE54-9A1E7A4F7556}") = "CMI.Nexus.Model", "CMI.Nexus.Model\CMI.Nexus.Model.csproj", "{557F6A7E-0F47-403D-AADD-416E7259D50D}"
EndProject
Project("{2150E333-8FDC-42A3-9474-1A3956D46DE8}") = "Automon", "Automon", "{8FA6FAA3-6B4D-4451-9859-AF436B90F5E9}"
EndProject
Project("{2150E333-8FDC-42A3-9474-1A3956D46DE8}") = "Nexus", "Nexus", "{ED2C097A-2F56-40E9-9EF3-AEFA6DC53EA8}"
EndProject
Project("{9A19103F-16F7-4668-BE54-9A1E7A4F7556}") = "CMI.Processor", "CMI.Processor\CMI.Processor.csproj", "{421E552B-9979-4C84-89D1-7884C505AF8F}"
EndProject
Project("{2150E333-8FDC-42A3-9474-1A3956D46DE8}") = "Common", "Common", "{B2A089A5-E071-408B-B695-D69F690D92B3}"
EndProject
Project("{9A19103F-16F7-4668-BE54-9A1E7A4F7556}") = "CMI.Common.Logging", "CMI.Common.Logging\CMI.Common.Logging.csproj", "{83673FBD-BBEE-410E-A04C-F54BDBBD70DD}"
EndProject
Project("{9A19103F-16F7-4668-BE54-9A1E7A4F7556}") = "CMI.Processor.DAL", "CMI.Processor.DAL\CMI.Processor.DAL.csproj", "{A4C5837D-C6D4-4A83-B793-331369E7503C}"
EndProject
Project("{9A19103F-16F7-4668-BE54-9A1E7A4F7556}") = "CMI.Common.Notification", "CMI.Common.Notification\CMI.Common.Notification.csproj", "{2A1CEF5E-BA8D-40FF-80F4-B56DDD4D5B2F}"
EndProject
Project("{00D1A9C2-B5F0-4AF3-8072-F6C62B433612}") = "CMI.Processor.DB", "CMI.Processor.DB\CMI.Processor.DB.sqlproj", "{1AC3EEFF-1F8D-4104-84C6-22CA11891E38}"
EndProject
Project("{2150E333-8FDC-42A3-9474-1A3956D46DE8}") = "MessageRetriever", "MessageRetriever", "{FD0FE486-32D6-44ED-9D77-7227FF1DA336}"
EndProject
Project("{9A19103F-16F7-4668-BE54-9A1E7A4F7556}") = "CMI.MessageRetriever.Model", "CMI.MessageRetriever.Model\CMI.MessageRetriever.Model.csproj", "{EAAA9B4E-A04A-479D-84D8-DFFFD83135F9}"
EndProject
Project("{9A19103F-16F7-4668-BE54-9A1E7A4F7556}") = "CMI.MessageRetriever.AMQP", "CMI.MessageRetriever.AMQP\CMI.MessageRetriever.AMQP.csproj", "{0E4BA0EB-C833-42E7-89CD-6F657260CC22}"
EndProject
Project("{9A19103F-16F7-4668-BE54-9A1E7A4F7556}") = "CMI.MessageRetriever.REST", "CMI.MessageRetriever.REST\CMI.MessageRetriever.REST.csproj", "{A809E9B0-03AF-4183-BCF0-D26C8F9730C1}"
EndProject
Project("{9A19103F-16F7-4668-BE54-9A1E7A4F7556}") = "CMI.MessageRetriever.Interface", "CMI.MessageRetriever.Interface\CMI.MessageRetriever.Interface.csproj", "{EC15DF9F-A0A1-49FA-AF37-852CB24481C7}"
EndProject
Project("{9A19103F-16F7-4668-BE54-9A1E7A4F7556}") = "CMI.Common.Imaging", "CMI.Common.Imaging\CMI.Common.Imaging.csproj", "{4E402EC5-D82E-496B-9894-79A9BDC3A184}"
EndProject
Project("{9A19103F-16F7-4668-BE54-9A1E7A4F7556}") = "CMI.Importer", "CMI.Importer\CMI.Importer.csproj", "{C5E01F01-74C4-4549-847F-9756511A5CE4}"
EndProject
Project("{00D1A9C2-B5F0-4AF3-8072-F6C62B433612}") = "CMI.Importer.DB", "CMI.Importer.DB\CMI.Importer.DB.sqlproj", "{1632E233-BD40-4556-938A-A5FC7E16082C}"
EndProject
Project("{FAE04EC0-301F-11D3-BF4B-00C04F79EFBC}") = "CMI.Importer.DAL", "CMI.Importer.DAL\CMI.Importer.DAL.csproj", "{B270CFD7-584F-48BD-8D56-72D3FD68E8F6}"
EndProject
Project("{2150E333-8FDC-42A3-9474-1A3956D46DE8}") = "DB", "DB", "{C13567BE-9EBF-4C73-99BA-F8B585637F46}"
EndProject
Project("{2150E333-8FDC-42A3-9474-1A3956D46DE8}") = "DAL", "DAL", "{07B635F3-3AD0-4334-AD31-454ED1009EC3}"
EndProject
Global
	GlobalSection(SolutionConfigurationPlatforms) = preSolution
		Debug|Any CPU = Debug|Any CPU
		Release|Any CPU = Release|Any CPU
	EndGlobalSection
	GlobalSection(ProjectConfigurationPlatforms) = postSolution
		{9E199D7E-5D45-4B19-B866-3C858254616D}.Debug|Any CPU.ActiveCfg = Debug|Any CPU
		{9E199D7E-5D45-4B19-B866-3C858254616D}.Debug|Any CPU.Build.0 = Debug|Any CPU
		{9E199D7E-5D45-4B19-B866-3C858254616D}.Release|Any CPU.ActiveCfg = Release|Any CPU
		{9E199D7E-5D45-4B19-B866-3C858254616D}.Release|Any CPU.Build.0 = Release|Any CPU
		{0F7C48B2-FB70-4308-981C-AB8F31ABA76F}.Debug|Any CPU.ActiveCfg = Debug|Any CPU
		{0F7C48B2-FB70-4308-981C-AB8F31ABA76F}.Debug|Any CPU.Build.0 = Debug|Any CPU
		{0F7C48B2-FB70-4308-981C-AB8F31ABA76F}.Release|Any CPU.ActiveCfg = Release|Any CPU
		{0F7C48B2-FB70-4308-981C-AB8F31ABA76F}.Release|Any CPU.Build.0 = Release|Any CPU
		{97F17073-F071-437E-AB48-356428749E81}.Debug|Any CPU.ActiveCfg = Debug|Any CPU
		{97F17073-F071-437E-AB48-356428749E81}.Debug|Any CPU.Build.0 = Debug|Any CPU
		{97F17073-F071-437E-AB48-356428749E81}.Release|Any CPU.ActiveCfg = Release|Any CPU
		{97F17073-F071-437E-AB48-356428749E81}.Release|Any CPU.Build.0 = Release|Any CPU
		{B302518B-952D-4278-A013-4722EA582F89}.Debug|Any CPU.ActiveCfg = Debug|Any CPU
		{B302518B-952D-4278-A013-4722EA582F89}.Debug|Any CPU.Build.0 = Debug|Any CPU
		{B302518B-952D-4278-A013-4722EA582F89}.Release|Any CPU.ActiveCfg = Release|Any CPU
		{B302518B-952D-4278-A013-4722EA582F89}.Release|Any CPU.Build.0 = Release|Any CPU
		{0E8D169E-C015-4351-AC1E-2728797698E3}.Debug|Any CPU.ActiveCfg = Debug|Any CPU
		{0E8D169E-C015-4351-AC1E-2728797698E3}.Debug|Any CPU.Build.0 = Debug|Any CPU
		{0E8D169E-C015-4351-AC1E-2728797698E3}.Release|Any CPU.ActiveCfg = Release|Any CPU
		{0E8D169E-C015-4351-AC1E-2728797698E3}.Release|Any CPU.Build.0 = Release|Any CPU
		{557F6A7E-0F47-403D-AADD-416E7259D50D}.Debug|Any CPU.ActiveCfg = Debug|Any CPU
		{557F6A7E-0F47-403D-AADD-416E7259D50D}.Debug|Any CPU.Build.0 = Debug|Any CPU
		{557F6A7E-0F47-403D-AADD-416E7259D50D}.Release|Any CPU.ActiveCfg = Release|Any CPU
		{557F6A7E-0F47-403D-AADD-416E7259D50D}.Release|Any CPU.Build.0 = Release|Any CPU
		{421E552B-9979-4C84-89D1-7884C505AF8F}.Debug|Any CPU.ActiveCfg = Debug|Any CPU
		{421E552B-9979-4C84-89D1-7884C505AF8F}.Debug|Any CPU.Build.0 = Debug|Any CPU
		{421E552B-9979-4C84-89D1-7884C505AF8F}.Release|Any CPU.ActiveCfg = Release|Any CPU
		{421E552B-9979-4C84-89D1-7884C505AF8F}.Release|Any CPU.Build.0 = Release|Any CPU
		{83673FBD-BBEE-410E-A04C-F54BDBBD70DD}.Debug|Any CPU.ActiveCfg = Debug|Any CPU
		{83673FBD-BBEE-410E-A04C-F54BDBBD70DD}.Debug|Any CPU.Build.0 = Debug|Any CPU
		{83673FBD-BBEE-410E-A04C-F54BDBBD70DD}.Release|Any CPU.ActiveCfg = Release|Any CPU
		{83673FBD-BBEE-410E-A04C-F54BDBBD70DD}.Release|Any CPU.Build.0 = Release|Any CPU
		{A4C5837D-C6D4-4A83-B793-331369E7503C}.Debug|Any CPU.ActiveCfg = Debug|Any CPU
		{A4C5837D-C6D4-4A83-B793-331369E7503C}.Debug|Any CPU.Build.0 = Debug|Any CPU
		{A4C5837D-C6D4-4A83-B793-331369E7503C}.Release|Any CPU.ActiveCfg = Release|Any CPU
		{A4C5837D-C6D4-4A83-B793-331369E7503C}.Release|Any CPU.Build.0 = Release|Any CPU
		{2A1CEF5E-BA8D-40FF-80F4-B56DDD4D5B2F}.Debug|Any CPU.ActiveCfg = Debug|Any CPU
		{2A1CEF5E-BA8D-40FF-80F4-B56DDD4D5B2F}.Debug|Any CPU.Build.0 = Debug|Any CPU
		{2A1CEF5E-BA8D-40FF-80F4-B56DDD4D5B2F}.Release|Any CPU.ActiveCfg = Release|Any CPU
		{2A1CEF5E-BA8D-40FF-80F4-B56DDD4D5B2F}.Release|Any CPU.Build.0 = Release|Any CPU
		{1AC3EEFF-1F8D-4104-84C6-22CA11891E38}.Debug|Any CPU.ActiveCfg = Debug|Any CPU
		{1AC3EEFF-1F8D-4104-84C6-22CA11891E38}.Debug|Any CPU.Build.0 = Debug|Any CPU
		{1AC3EEFF-1F8D-4104-84C6-22CA11891E38}.Debug|Any CPU.Deploy.0 = Debug|Any CPU
		{1AC3EEFF-1F8D-4104-84C6-22CA11891E38}.Release|Any CPU.ActiveCfg = Release|Any CPU
		{1AC3EEFF-1F8D-4104-84C6-22CA11891E38}.Release|Any CPU.Build.0 = Release|Any CPU
		{1AC3EEFF-1F8D-4104-84C6-22CA11891E38}.Release|Any CPU.Deploy.0 = Release|Any CPU
		{EAAA9B4E-A04A-479D-84D8-DFFFD83135F9}.Debug|Any CPU.ActiveCfg = Debug|Any CPU
		{EAAA9B4E-A04A-479D-84D8-DFFFD83135F9}.Debug|Any CPU.Build.0 = Debug|Any CPU
		{EAAA9B4E-A04A-479D-84D8-DFFFD83135F9}.Release|Any CPU.ActiveCfg = Release|Any CPU
		{EAAA9B4E-A04A-479D-84D8-DFFFD83135F9}.Release|Any CPU.Build.0 = Release|Any CPU
		{0E4BA0EB-C833-42E7-89CD-6F657260CC22}.Debug|Any CPU.ActiveCfg = Debug|Any CPU
		{0E4BA0EB-C833-42E7-89CD-6F657260CC22}.Debug|Any CPU.Build.0 = Debug|Any CPU
		{0E4BA0EB-C833-42E7-89CD-6F657260CC22}.Release|Any CPU.ActiveCfg = Release|Any CPU
		{0E4BA0EB-C833-42E7-89CD-6F657260CC22}.Release|Any CPU.Build.0 = Release|Any CPU
		{A809E9B0-03AF-4183-BCF0-D26C8F9730C1}.Debug|Any CPU.ActiveCfg = Debug|Any CPU
		{A809E9B0-03AF-4183-BCF0-D26C8F9730C1}.Debug|Any CPU.Build.0 = Debug|Any CPU
		{A809E9B0-03AF-4183-BCF0-D26C8F9730C1}.Release|Any CPU.ActiveCfg = Release|Any CPU
		{A809E9B0-03AF-4183-BCF0-D26C8F9730C1}.Release|Any CPU.Build.0 = Release|Any CPU
		{EC15DF9F-A0A1-49FA-AF37-852CB24481C7}.Debug|Any CPU.ActiveCfg = Debug|Any CPU
		{EC15DF9F-A0A1-49FA-AF37-852CB24481C7}.Debug|Any CPU.Build.0 = Debug|Any CPU
		{EC15DF9F-A0A1-49FA-AF37-852CB24481C7}.Release|Any CPU.ActiveCfg = Release|Any CPU
		{EC15DF9F-A0A1-49FA-AF37-852CB24481C7}.Release|Any CPU.Build.0 = Release|Any CPU
		{4E402EC5-D82E-496B-9894-79A9BDC3A184}.Debug|Any CPU.ActiveCfg = Debug|Any CPU
		{4E402EC5-D82E-496B-9894-79A9BDC3A184}.Debug|Any CPU.Build.0 = Debug|Any CPU
		{4E402EC5-D82E-496B-9894-79A9BDC3A184}.Release|Any CPU.ActiveCfg = Release|Any CPU
		{4E402EC5-D82E-496B-9894-79A9BDC3A184}.Release|Any CPU.Build.0 = Release|Any CPU
		{C5E01F01-74C4-4549-847F-9756511A5CE4}.Debug|Any CPU.ActiveCfg = Debug|Any CPU
		{C5E01F01-74C4-4549-847F-9756511A5CE4}.Debug|Any CPU.Build.0 = Debug|Any CPU
		{C5E01F01-74C4-4549-847F-9756511A5CE4}.Release|Any CPU.ActiveCfg = Release|Any CPU
		{C5E01F01-74C4-4549-847F-9756511A5CE4}.Release|Any CPU.Build.0 = Release|Any CPU
		{1632E233-BD40-4556-938A-A5FC7E16082C}.Debug|Any CPU.ActiveCfg = Debug|Any CPU
		{1632E233-BD40-4556-938A-A5FC7E16082C}.Debug|Any CPU.Build.0 = Debug|Any CPU
		{1632E233-BD40-4556-938A-A5FC7E16082C}.Debug|Any CPU.Deploy.0 = Debug|Any CPU
		{1632E233-BD40-4556-938A-A5FC7E16082C}.Release|Any CPU.ActiveCfg = Release|Any CPU
		{1632E233-BD40-4556-938A-A5FC7E16082C}.Release|Any CPU.Build.0 = Release|Any CPU
		{1632E233-BD40-4556-938A-A5FC7E16082C}.Release|Any CPU.Deploy.0 = Release|Any CPU
		{B270CFD7-584F-48BD-8D56-72D3FD68E8F6}.Debug|Any CPU.ActiveCfg = Debug|Any CPU
		{B270CFD7-584F-48BD-8D56-72D3FD68E8F6}.Debug|Any CPU.Build.0 = Debug|Any CPU
		{B270CFD7-584F-48BD-8D56-72D3FD68E8F6}.Release|Any CPU.ActiveCfg = Release|Any CPU
		{B270CFD7-584F-48BD-8D56-72D3FD68E8F6}.Release|Any CPU.Build.0 = Release|Any CPU
	EndGlobalSection
	GlobalSection(SolutionProperties) = preSolution
		HideSolutionNode = FALSE
	EndGlobalSection
	GlobalSection(NestedProjects) = preSolution
		{9E199D7E-5D45-4B19-B866-3C858254616D} = {8FA6FAA3-6B4D-4451-9859-AF436B90F5E9}
		{0F7C48B2-FB70-4308-981C-AB8F31ABA76F} = {ED2C097A-2F56-40E9-9EF3-AEFA6DC53EA8}
		{97F17073-F071-437E-AB48-356428749E81} = {8FA6FAA3-6B4D-4451-9859-AF436B90F5E9}
		{B302518B-952D-4278-A013-4722EA582F89} = {ED2C097A-2F56-40E9-9EF3-AEFA6DC53EA8}
		{0E8D169E-C015-4351-AC1E-2728797698E3} = {8FA6FAA3-6B4D-4451-9859-AF436B90F5E9}
		{557F6A7E-0F47-403D-AADD-416E7259D50D} = {ED2C097A-2F56-40E9-9EF3-AEFA6DC53EA8}
		{83673FBD-BBEE-410E-A04C-F54BDBBD70DD} = {B2A089A5-E071-408B-B695-D69F690D92B3}
		{A4C5837D-C6D4-4A83-B793-331369E7503C} = {07B635F3-3AD0-4334-AD31-454ED1009EC3}
		{2A1CEF5E-BA8D-40FF-80F4-B56DDD4D5B2F} = {B2A089A5-E071-408B-B695-D69F690D92B3}
		{1AC3EEFF-1F8D-4104-84C6-22CA11891E38} = {C13567BE-9EBF-4C73-99BA-F8B585637F46}
		{EAAA9B4E-A04A-479D-84D8-DFFFD83135F9} = {FD0FE486-32D6-44ED-9D77-7227FF1DA336}
		{0E4BA0EB-C833-42E7-89CD-6F657260CC22} = {FD0FE486-32D6-44ED-9D77-7227FF1DA336}
		{A809E9B0-03AF-4183-BCF0-D26C8F9730C1} = {FD0FE486-32D6-44ED-9D77-7227FF1DA336}
		{EC15DF9F-A0A1-49FA-AF37-852CB24481C7} = {FD0FE486-32D6-44ED-9D77-7227FF1DA336}
		{4E402EC5-D82E-496B-9894-79A9BDC3A184} = {B2A089A5-E071-408B-B695-D69F690D92B3}
		{1632E233-BD40-4556-938A-A5FC7E16082C} = {C13567BE-9EBF-4C73-99BA-F8B585637F46}
		{B270CFD7-584F-48BD-8D56-72D3FD68E8F6} = {07B635F3-3AD0-4334-AD31-454ED1009EC3}
	EndGlobalSection
	GlobalSection(ExtensibilityGlobals) = postSolution
		SolutionGuid = {346C34A5-4F49-4E23-8D33-C6D985F92129}
	EndGlobalSection
EndGlobal
